# generated by rye
# use `rye lock` or `rye sync` to update this lockfile
#
# last locked with the following flags:
#   pre: false
#   features: []
#   all-features: false
#   with-sources: false
#   generate-hashes: false
#   universal: false

-e file:.
absl-py==2.1.0
    # via chex
    # via dm-tree
    # via mujoco
    # via optax
    # via orbax-checkpoint
    # via rliable
    # via tensorflow-probability
anyio==4.8.0
    # via httpx
    # via jupyter-server
arch==7.2.0
    # via rliable
argon2-cffi==23.1.0
    # via jupyter-server
argon2-cffi-bindings==21.2.0
    # via argon2-cffi
arrow==1.3.0
    # via isoduration
asttokens==3.0.0
    # via stack-data
async-lru==2.0.4
    # via jupyterlab
attrs==25.1.0
    # via dm-tree
    # via jsonschema
    # via referencing
babel==2.17.0
    # via jupyterlab-server
beautifulsoup4==4.13.3
    # via nbconvert
bleach==6.2.0
    # via nbconvert
certifi==2025.1.31
    # via httpcore
    # via httpx
    # via requests
cffi==1.17.1
    # via argon2-cffi-bindings
charset-normalizer==3.4.1
    # via requests
chex==0.1.88
    # via optax
click==8.1.8
    # via jax-offpolicy-rl
cloudpickle==3.1.1
    # via gymnasium
    # via stable-baselines3
    # via tensorflow-probability
comm==0.2.2
    # via ipykernel
    # via ipywidgets
contourpy==1.3.1
    # via matplotlib
cycler==0.12.1
    # via matplotlib
debugpy==1.8.12
    # via ipykernel
decorator==5.1.1
    # via ipython
    # via tensorflow-probability
defusedxml==0.7.1
    # via nbconvert
dm-tree==0.1.9
    # via tensorflow-probability
etils==1.12.0
    # via mujoco
    # via optax
    # via orbax-checkpoint
executing==2.2.0
    # via stack-data
farama-notifications==0.0.4
    # via gymnasium
fastjsonschema==2.21.1
    # via nbformat
filelock==3.17.0
    # via torch
    # via triton
flax==0.10.3
    # via jax-offpolicy-rl
    # via sbx-rl
fonttools==4.56.0
    # via matplotlib
fqdn==1.5.1
    # via jsonschema
fsspec==2025.2.0
    # via etils
    # via torch
gast==0.6.0
    # via tensorflow-probability
glfw==2.8.0
    # via mujoco
gymnasium==0.29.1
    # via jax-offpolicy-rl
    # via stable-baselines3
h11==0.14.0
    # via httpcore
httpcore==1.0.7
    # via httpx
httpx==0.28.1
    # via jupyterlab
humanize==4.12.1
    # via orbax-checkpoint
idna==3.10
    # via anyio
    # via httpx
    # via jsonschema
    # via requests
imageio==2.37.0
    # via gymnasium
importlib-resources==6.5.2
    # via etils
ipykernel==6.29.5
    # via jupyter
    # via jupyter-console
    # via jupyterlab
ipython==8.32.0
    # via ipykernel
    # via ipywidgets
    # via jupyter-console
ipywidgets==8.1.5
    # via jupyter
isoduration==20.11.0
    # via jsonschema
jax==0.4.31
    # via chex
    # via flax
    # via jax-offpolicy-rl
    # via optax
    # via orbax-checkpoint
    # via sbx-rl
jax-cuda12-pjrt==0.4.31
    # via jax-cuda12-plugin
    # via jax-offpolicy-rl
jax-cuda12-plugin==0.4.31
    # via jax
    # via jax-offpolicy-rl
jaxlib==0.4.31
    # via chex
    # via jax
    # via jax-offpolicy-rl
    # via optax
    # via orbax-checkpoint
    # via sbx-rl
jedi==0.19.2
    # via ipython
jinja2==3.1.5
    # via jupyter-server
    # via jupyterlab
    # via jupyterlab-server
    # via nbconvert
    # via torch
json5==0.10.0
    # via jupyterlab-server
jsonpointer==3.0.0
    # via jsonschema
jsonschema==4.23.0
    # via jupyter-events
    # via jupyterlab-server
    # via nbformat
jsonschema-specifications==2024.10.1
    # via jsonschema
jupyter==1.1.1
    # via jax-offpolicy-rl
jupyter-client==8.6.3
    # via ipykernel
    # via jupyter-console
    # via jupyter-server
    # via nbclient
jupyter-console==6.6.3
    # via jupyter
jupyter-core==5.7.2
    # via ipykernel
    # via jupyter-client
    # via jupyter-console
    # via jupyter-server
    # via jupyterlab
    # via nbclient
    # via nbconvert
    # via nbformat
jupyter-events==0.12.0
    # via jupyter-server
jupyter-lsp==2.2.5
    # via jupyterlab
jupyter-server==2.15.0
    # via jupyter-lsp
    # via jupyterlab
    # via jupyterlab-server
    # via notebook
    # via notebook-shim
jupyter-server-terminals==0.5.3
    # via jupyter-server
jupyterlab==4.3.5
    # via jupyter
    # via notebook
jupyterlab-pygments==0.3.0
    # via nbconvert
jupyterlab-server==2.27.3
    # via jupyterlab
    # via notebook
jupyterlab-widgets==3.0.13
    # via ipywidgets
kiwisolver==1.4.8
    # via matplotlib
markdown-it-py==3.0.0
    # via rich
markupsafe==3.0.2
    # via jinja2
    # via nbconvert
matplotlib==3.10.0
    # via jax-offpolicy-rl
    # via seaborn
    # via stable-baselines3
matplotlib-inline==0.1.7
    # via ipykernel
    # via ipython
mdurl==0.1.2
    # via markdown-it-py
mistune==3.1.2
    # via nbconvert
ml-dtypes==0.5.1
    # via jax
    # via jaxlib
    # via tensorstore
mpmath==1.3.0
    # via sympy
msgpack==1.1.0
    # via flax
    # via orbax-checkpoint
mujoco==3.2.7
    # via gymnasium
nbclient==0.10.2
    # via nbconvert
nbconvert==7.16.6
    # via jupyter
    # via jupyter-server
nbformat==5.10.4
    # via jupyter-server
    # via nbclient
    # via nbconvert
nest-asyncio==1.6.0
    # via ipykernel
    # via orbax-checkpoint
networkx==3.4.2
    # via torch
notebook==7.3.2
    # via jupyter
notebook-shim==0.2.4
    # via jupyterlab
    # via notebook
numpy==2.2.3
    # via arch
    # via chex
    # via contourpy
    # via dm-tree
    # via flax
    # via gymnasium
    # via imageio
    # via jax
    # via jaxlib
    # via matplotlib
    # via ml-dtypes
    # via mujoco
    # via optax
    # via orbax-checkpoint
    # via pandas
    # via patsy
    # via rliable
    # via scipy
    # via seaborn
    # via stable-baselines3
    # via statsmodels
    # via tensorflow-probability
    # via tensorstore
    # via treescope
nvidia-cublas-cu12==12.1.3.1
    # via jax-cuda12-plugin
    # via jax-offpolicy-rl
    # via nvidia-cudnn-cu12
    # via nvidia-cusolver-cu12
    # via torch
nvidia-cuda-cupti-cu12==12.1.105
    # via jax-cuda12-plugin
    # via torch
nvidia-cuda-nvcc-cu12==12.8.61
    # via jax-cuda12-plugin
nvidia-cuda-nvrtc-cu12==12.1.105
    # via torch
nvidia-cuda-runtime-cu12==12.1.105
    # via jax-cuda12-plugin
    # via torch
nvidia-cudnn-cu12==9.1.0.70
    # via jax-cuda12-plugin
    # via torch
nvidia-cufft-cu12==11.0.2.54
    # via jax-cuda12-plugin
    # via torch
nvidia-curand-cu12==10.3.2.106
    # via torch
nvidia-cusolver-cu12==11.4.5.107
    # via jax-cuda12-plugin
    # via torch
nvidia-cusparse-cu12==12.1.0.106
    # via jax-cuda12-plugin
    # via nvidia-cusolver-cu12
    # via torch
nvidia-nccl-cu12==2.20.5
    # via jax-cuda12-plugin
    # via torch
nvidia-nvjitlink-cu12==12.8.61
    # via jax-cuda12-plugin
    # via nvidia-cusolver-cu12
    # via nvidia-cusparse-cu12
nvidia-nvtx-cu12==12.1.105
    # via torch
opt-einsum==3.4.0
    # via jax
optax==0.2.4
    # via flax
    # via sbx-rl
orbax-checkpoint==0.6.4
    # via flax
overrides==7.7.0
    # via jupyter-server
packaging==24.2
    # via ipykernel
    # via jupyter-events
    # via jupyter-server
    # via jupyterlab
    # via jupyterlab-server
    # via matplotlib
    # via nbconvert
    # via statsmodels
pandas==2.2.3
    # via arch
    # via rliable
    # via seaborn
    # via stable-baselines3
    # via statsmodels
pandocfilters==1.5.1
    # via nbconvert
parso==0.8.4
    # via jedi
patsy==1.0.1
    # via statsmodels
pexpect==4.9.0
    # via ipython
pillow==11.1.0
    # via imageio
    # via matplotlib
platformdirs==4.3.6
    # via jupyter-core
prometheus-client==0.21.1
    # via jupyter-server
prompt-toolkit==3.0.50
    # via ipython
    # via jupyter-console
protobuf==5.29.3
    # via orbax-checkpoint
psutil==7.0.0
    # via ipykernel
ptyprocess==0.7.0
    # via pexpect
    # via terminado
pure-eval==0.2.3
    # via stack-data
pycparser==2.22
    # via cffi
pygments==2.19.1
    # via ipython
    # via jupyter-console
    # via nbconvert
    # via rich
pyopengl==3.1.9
    # via mujoco
pyparsing==3.2.1
    # via matplotlib
python-dateutil==2.9.0.post0
    # via arrow
    # via jupyter-client
    # via matplotlib
    # via pandas
python-json-logger==3.2.1
    # via jupyter-events
pytz==2025.1
    # via pandas
pyyaml==6.0.2
    # via flax
    # via jupyter-events
    # via orbax-checkpoint
pyzmq==26.2.1
    # via ipykernel
    # via jupyter-client
    # via jupyter-console
    # via jupyter-server
referencing==0.36.2
    # via jsonschema
    # via jsonschema-specifications
    # via jupyter-events
requests==2.32.3
    # via jupyterlab-server
rfc3339-validator==0.1.4
    # via jsonschema
    # via jupyter-events
rfc3986-validator==0.1.1
    # via jsonschema
    # via jupyter-events
rich==13.9.4
    # via flax
    # via sbx-rl
rliable==1.2.0
    # via jax-offpolicy-rl
rpds-py==0.23.1
    # via jsonschema
    # via referencing
sbx-rl==0.20.0
    # via jax-offpolicy-rl
scipy==1.15.2
    # via arch
    # via jax
    # via jaxlib
    # via rliable
    # via statsmodels
seaborn==0.13.2
    # via rliable
send2trash==1.8.3
    # via jupyter-server
setuptools==75.8.0
    # via chex
    # via jupyterlab
    # via torch
six==1.17.0
    # via python-dateutil
    # via rfc3339-validator
    # via tensorflow-probability
sniffio==1.3.1
    # via anyio
soupsieve==2.6
    # via beautifulsoup4
stable-baselines3==2.5.0
    # via jax-offpolicy-rl
    # via sbx-rl
stack-data==0.6.3
    # via ipython
statsmodels==0.14.4
    # via arch
sympy==1.13.3
    # via torch
tensorflow-probability==0.25.0
    # via jax-offpolicy-rl
    # via sbx-rl
tensorstore==0.1.71
    # via flax
    # via orbax-checkpoint
terminado==0.18.1
    # via jupyter-server
    # via jupyter-server-terminals
tinycss2==1.4.0
    # via bleach
toolz==1.0.0
    # via chex
torch==2.4.1
    # via stable-baselines3
tornado==6.4.2
    # via ipykernel
    # via jupyter-client
    # via jupyter-server
    # via jupyterlab
    # via notebook
    # via terminado
tqdm==4.67.1
    # via jax-offpolicy-rl
    # via sbx-rl
traitlets==5.14.3
    # via comm
    # via ipykernel
    # via ipython
    # via ipywidgets
    # via jupyter-client
    # via jupyter-console
    # via jupyter-core
    # via jupyter-events
    # via jupyter-server
    # via jupyterlab
    # via matplotlib-inline
    # via nbclient
    # via nbconvert
    # via nbformat
treescope==0.1.9
    # via flax
triton==3.0.0
    # via torch
types-python-dateutil==2.9.0.20241206
    # via arrow
typing-extensions==4.12.2
    # via anyio
    # via beautifulsoup4
    # via chex
    # via etils
    # via flax
    # via gymnasium
    # via orbax-checkpoint
    # via referencing
    # via torch
tzdata==2025.1
    # via pandas
uri-template==1.3.0
    # via jsonschema
urllib3==2.3.0
    # via requests
wcwidth==0.2.13
    # via prompt-toolkit
webcolors==24.11.1
    # via jsonschema
webencodings==0.5.1
    # via bleach
    # via tinycss2
websocket-client==1.8.0
    # via jupyter-server
widgetsnbextension==4.0.13
    # via ipywidgets
wrapt==1.17.2
    # via dm-tree
zipp==3.21.0
    # via etils
